
Microsoft Visual Studio Solution File, Format Version 12.00
# Visual Studio 15
VisualStudioVersion = 15.0.28010.2019
MinimumVisualStudioVersion = 10.0.40219.1
Project("{FAE04EC0-301F-11D3-BF4B-00C04F79EFBC}") = "51.mediaplayer", "51.mediaplayer\51.mediaplayer.csproj", "{662282A5-FF38-4643-ACA5-AE5D60C08473}"
EndProject
Global
	GlobalSection(SolutionConfigurationPlatforms) = preSolution
		Debug|Any CPU = Debug|Any CPU
		Release|Any CPU = Release|Any CPU
	EndGlobalSection
	GlobalSection(ProjectConfigurationPlatforms) = postSolution
		{662282A5-FF38-4643-ACA5-AE5D60C08473}.Debug|Any CPU.ActiveCfg = Debug|Any CPU
		{662282A5-FF38-4643-ACA5-AE5D60C08473}.Debug|Any CPU.Build.0 = Debug|Any CPU
		{662282A5-FF38-4643-ACA5-AE5D60C08473}.Release|Any CPU.ActiveCfg = Release|Any CPU
		{662282A5-FF38-4643-ACA5-AE5D60C08473}.Release|Any CPU.Build.0 = Release|Any CPU
	EndGlobalSection
	GlobalSection(SolutionProperties) = preSolution
		HideSolutionNode = FALSE
	EndGlobalSection
	GlobalSection(ExtensibilityGlobals) = postSolution
		SolutionGuid = {4F427572-F8B6-4EAC-9549-28BF662364B8}
	EndGlobalSection
EndGlobal
