
Microsoft Visual Studio Solution File, Format Version 12.00
# Visual Studio 15
VisualStudioVersion = 15.0.28010.2019
MinimumVisualStudioVersion = 10.0.40219.1
Project("{FAE04EC0-301F-11D3-BF4B-00C04F79EFBC}") = "51-mediplayereklentisi", "51-mediplayereklentisi\51-mediplayereklentisi.csproj", "{28165B0E-F5A7-45F7-877F-AEC9739E89E8}"
EndProject
Global
	GlobalSection(SolutionConfigurationPlatforms) = preSolution
		Debug|Any CPU = Debug|Any CPU
		Release|Any CPU = Release|Any CPU
	EndGlobalSection
	GlobalSection(ProjectConfigurationPlatforms) = postSolution
		{28165B0E-F5A7-45F7-877F-AEC9739E89E8}.Debug|Any CPU.ActiveCfg = Debug|Any CPU
		{28165B0E-F5A7-45F7-877F-AEC9739E89E8}.Debug|Any CPU.Build.0 = Debug|Any CPU
		{28165B0E-F5A7-45F7-877F-AEC9739E89E8}.Release|Any CPU.ActiveCfg = Release|Any CPU
		{28165B0E-F5A7-45F7-877F-AEC9739E89E8}.Release|Any CPU.Build.0 = Release|Any CPU
	EndGlobalSection
	GlobalSection(SolutionProperties) = preSolution
		HideSolutionNode = FALSE
	EndGlobalSection
	GlobalSection(ExtensibilityGlobals) = postSolution
		SolutionGuid = {5C275594-9435-4951-BE64-7E2C57F2D095}
	EndGlobalSection
EndGlobal
