
Microsoft Visual Studio Solution File, Format Version 12.00
# Visual Studio 15
VisualStudioVersion = 15.0.28010.2019
MinimumVisualStudioVersion = 10.0.40219.1
Project("{FAE04EC0-301F-11D3-BF4B-00C04F79EFBC}") = "56-BenzersizStringOlusturma", "56-BenzersizStringOlusturma\56-BenzersizStringOlusturma.csproj", "{C1B38B2D-EF89-4E76-9D91-D535941A9FE7}"
EndProject
Global
	GlobalSection(SolutionConfigurationPlatforms) = preSolution
		Debug|Any CPU = Debug|Any CPU
		Release|Any CPU = Release|Any CPU
	EndGlobalSection
	GlobalSection(ProjectConfigurationPlatforms) = postSolution
		{C1B38B2D-EF89-4E76-9D91-D535941A9FE7}.Debug|Any CPU.ActiveCfg = Debug|Any CPU
		{C1B38B2D-EF89-4E76-9D91-D535941A9FE7}.Debug|Any CPU.Build.0 = Debug|Any CPU
		{C1B38B2D-EF89-4E76-9D91-D535941A9FE7}.Release|Any CPU.ActiveCfg = Release|Any CPU
		{C1B38B2D-EF89-4E76-9D91-D535941A9FE7}.Release|Any CPU.Build.0 = Release|Any CPU
	EndGlobalSection
	GlobalSection(SolutionProperties) = preSolution
		HideSolutionNode = FALSE
	EndGlobalSection
	GlobalSection(ExtensibilityGlobals) = postSolution
		SolutionGuid = {B3F58D69-9368-4B87-B9EC-A037E63D9611}
	EndGlobalSection
EndGlobal
