
Microsoft Visual Studio Solution File, Format Version 12.00
# Visual Studio 15
VisualStudioVersion = 15.0.28010.2019
MinimumVisualStudioVersion = 10.0.40219.1
Project("{FAE04EC0-301F-11D3-BF4B-00C04F79EFBC}") = "WindowsFormsApp9", "WindowsFormsApp9\WindowsFormsApp9.csproj", "{EF16B2DC-12EE-4CCB-9143-9FF8E67095EA}"
EndProject
Global
	GlobalSection(SolutionConfigurationPlatforms) = preSolution
		Debug|Any CPU = Debug|Any CPU
		Release|Any CPU = Release|Any CPU
	EndGlobalSection
	GlobalSection(ProjectConfigurationPlatforms) = postSolution
		{EF16B2DC-12EE-4CCB-9143-9FF8E67095EA}.Debug|Any CPU.ActiveCfg = Debug|Any CPU
		{EF16B2DC-12EE-4CCB-9143-9FF8E67095EA}.Debug|Any CPU.Build.0 = Debug|Any CPU
		{EF16B2DC-12EE-4CCB-9143-9FF8E67095EA}.Release|Any CPU.ActiveCfg = Release|Any CPU
		{EF16B2DC-12EE-4CCB-9143-9FF8E67095EA}.Release|Any CPU.Build.0 = Release|Any CPU
	EndGlobalSection
	GlobalSection(SolutionProperties) = preSolution
		HideSolutionNode = FALSE
	EndGlobalSection
	GlobalSection(ExtensibilityGlobals) = postSolution
		SolutionGuid = {94B63E29-590D-4340-AE1B-DEAAB16BED38}
	EndGlobalSection
EndGlobal
