
Microsoft Visual Studio Solution File, Format Version 12.00
# Visual Studio 15
VisualStudioVersion = 15.0.27130.2010
MinimumVisualStudioVersion = 10.0.40219.1
Project("{FAE04EC0-301F-11D3-BF4B-00C04F79EFBC}") = "Kredi-Kart-Denemesi", "Kredi-Kart-Denemesi\Kredi-Kart-Denemesi.csproj", "{057C7C0B-E3B8-4C1B-87C5-466F096D0E07}"
EndProject
Global
	GlobalSection(SolutionConfigurationPlatforms) = preSolution
		Debug|Any CPU = Debug|Any CPU
		Release|Any CPU = Release|Any CPU
	EndGlobalSection
	GlobalSection(ProjectConfigurationPlatforms) = postSolution
		{057C7C0B-E3B8-4C1B-87C5-466F096D0E07}.Debug|Any CPU.ActiveCfg = Debug|Any CPU
		{057C7C0B-E3B8-4C1B-87C5-466F096D0E07}.Debug|Any CPU.Build.0 = Debug|Any CPU
		{057C7C0B-E3B8-4C1B-87C5-466F096D0E07}.Release|Any CPU.ActiveCfg = Release|Any CPU
		{057C7C0B-E3B8-4C1B-87C5-466F096D0E07}.Release|Any CPU.Build.0 = Release|Any CPU
	EndGlobalSection
	GlobalSection(SolutionProperties) = preSolution
		HideSolutionNode = FALSE
	EndGlobalSection
	GlobalSection(ExtensibilityGlobals) = postSolution
		SolutionGuid = {2AE6A3DD-86C9-47C7-B667-83F61F111826}
	EndGlobalSection
EndGlobal
